
Microsoft Visual Studio Solution File, Format Version 12.00
# Visual Studio Version 17
VisualStudioVersion = 17.5.33516.290
MinimumVisualStudioVersion = 10.0.40219.1
Project("{FAE04EC0-301F-11D3-BF4B-00C04F79EFBC}") = "ArenaBattle", "ArenaBattle\ArenaBattle.csproj", "{63DA528E-C644-4602-B985-FB93DCB26775}"
EndProject
Project("{FAE04EC0-301F-11D3-BF4B-00C04F79EFBC}") = "ArenaBattle.UnitTests", "ArenaBattle.UnitTests\ArenaBattle.UnitTests.csproj", "{39CA61ED-EC8C-4978-8C59-FFEB6519679F}"
EndProject
Global
	GlobalSection(SolutionConfigurationPlatforms) = preSolution
		Debug|Any CPU = Debug|Any CPU
		Release|Any CPU = Release|Any CPU
	EndGlobalSection
	GlobalSection(ProjectConfigurationPlatforms) = postSolution
		{63DA528E-C644-4602-B985-FB93DCB26775}.Debug|Any CPU.ActiveCfg = Debug|Any CPU
		{63DA528E-C644-4602-B985-FB93DCB26775}.Debug|Any CPU.Build.0 = Debug|Any CPU
		{63DA528E-C644-4602-B985-FB93DCB26775}.Release|Any CPU.ActiveCfg = Release|Any CPU
		{63DA528E-C644-4602-B985-FB93DCB26775}.Release|Any CPU.Build.0 = Release|Any CPU
		{39CA61ED-EC8C-4978-8C59-FFEB6519679F}.Debug|Any CPU.ActiveCfg = Debug|Any CPU
		{39CA61ED-EC8C-4978-8C59-FFEB6519679F}.Debug|Any CPU.Build.0 = Debug|Any CPU
		{39CA61ED-EC8C-4978-8C59-FFEB6519679F}.Release|Any CPU.ActiveCfg = Release|Any CPU
		{39CA61ED-EC8C-4978-8C59-FFEB6519679F}.Release|Any CPU.Build.0 = Release|Any CPU
	EndGlobalSection
	GlobalSection(SolutionProperties) = preSolution
		HideSolutionNode = FALSE
	EndGlobalSection
	GlobalSection(ExtensibilityGlobals) = postSolution
		SolutionGuid = {869F34D0-9D57-4463-9FBD-0BF238A67D04}
	EndGlobalSection
EndGlobal
